
Microsoft Visual Studio Solution File, Format Version 12.00
# Visual Studio Version 16
VisualStudioVersion = 16.0.31129.286
MinimumVisualStudioVersion = 10.0.40219.1
Project("{9A19103F-16F7-4668-BE54-9A1E7A4F7556}") = "CSIntermediateInheritance", "CSIntermediateInheritance\CSIntermediateInheritance.csproj", "{8C51E21F-DF4E-48EA-8EEC-27393DA3BBCA}"
EndProject
Project("{FAE04EC0-301F-11D3-BF4B-00C04F79EFBC}") = "Amazon", "Amazon\Amazon.csproj", "{4BF4DE18-E698-47F4-BF59-C104DD2E02C9}"
EndProject
Global
	GlobalSection(SolutionConfigurationPlatforms) = preSolution
		Debug|Any CPU = Debug|Any CPU
		Release|Any CPU = Release|Any CPU
	EndGlobalSection
	GlobalSection(ProjectConfigurationPlatforms) = postSolution
		{8C51E21F-DF4E-48EA-8EEC-27393DA3BBCA}.Debug|Any CPU.ActiveCfg = Debug|Any CPU
		{8C51E21F-DF4E-48EA-8EEC-27393DA3BBCA}.Debug|Any CPU.Build.0 = Debug|Any CPU
		{8C51E21F-DF4E-48EA-8EEC-27393DA3BBCA}.Release|Any CPU.ActiveCfg = Release|Any CPU
		{8C51E21F-DF4E-48EA-8EEC-27393DA3BBCA}.Release|Any CPU.Build.0 = Release|Any CPU
		{4BF4DE18-E698-47F4-BF59-C104DD2E02C9}.Debug|Any CPU.ActiveCfg = Debug|Any CPU
		{4BF4DE18-E698-47F4-BF59-C104DD2E02C9}.Debug|Any CPU.Build.0 = Debug|Any CPU
		{4BF4DE18-E698-47F4-BF59-C104DD2E02C9}.Release|Any CPU.ActiveCfg = Release|Any CPU
		{4BF4DE18-E698-47F4-BF59-C104DD2E02C9}.Release|Any CPU.Build.0 = Release|Any CPU
	EndGlobalSection
	GlobalSection(SolutionProperties) = preSolution
		HideSolutionNode = FALSE
	EndGlobalSection
	GlobalSection(ExtensibilityGlobals) = postSolution
		SolutionGuid = {93736BE4-41D6-4FCB-9DF7-A98A838EEDC3}
	EndGlobalSection
EndGlobal
